
Microsoft Visual Studio Solution File, Format Version 12.00
# Visual Studio Version 17
VisualStudioVersion = 17.4.33205.214
MinimumVisualStudioVersion = 10.0.40219.1
Project("{FAE04EC0-301F-11D3-BF4B-00C04F79EFBC}") = "project 1", "project 1\project 1.csproj", "{BF2C8947-4D4B-4AF6-8FD9-0B392031253B}"
EndProject
Global
	GlobalSection(SolutionConfigurationPlatforms) = preSolution
		Debug|Any CPU = Debug|Any CPU
		Release|Any CPU = Release|Any CPU
	EndGlobalSection
	GlobalSection(ProjectConfigurationPlatforms) = postSolution
		{BF2C8947-4D4B-4AF6-8FD9-0B392031253B}.Debug|Any CPU.ActiveCfg = Debug|Any CPU
		{BF2C8947-4D4B-4AF6-8FD9-0B392031253B}.Debug|Any CPU.Build.0 = Debug|Any CPU
		{BF2C8947-4D4B-4AF6-8FD9-0B392031253B}.Release|Any CPU.ActiveCfg = Release|Any CPU
		{BF2C8947-4D4B-4AF6-8FD9-0B392031253B}.Release|Any CPU.Build.0 = Release|Any CPU
	EndGlobalSection
	GlobalSection(SolutionProperties) = preSolution
		HideSolutionNode = FALSE
	EndGlobalSection
	GlobalSection(ExtensibilityGlobals) = postSolution
		SolutionGuid = {6CEB38B0-D82E-4A3D-B5A7-343CDEE8C940}
	EndGlobalSection
EndGlobal
